
Microsoft Visual Studio Solution File, Format Version 12.00
# Visual Studio Version 17
VisualStudioVersion = 17.2.32616.157
MinimumVisualStudioVersion = 10.0.40219.1
Project("{9A19103F-16F7-4668-BE54-9A1E7A4F7556}") = "Lego.EquipmentStateHistory.API", "Lego.EquipmentStateHistory.API\Lego.EquipmentStateHistory.API.csproj", "{2A5B105A-FFF4-426C-A802-C31E4F2260D2}"
EndProject
Project("{2150E333-8FDC-42A3-9474-1A3956D46DE8}") = "Test", "Test", "{B04ADE1F-7A1A-46BF-9F37-556824513253}"
EndProject
Project("{FAE04EC0-301F-11D3-BF4B-00C04F79EFBC}") = "Lego.EquipmentStateHistory.API.UnitTests", "Lego.EquipmentStateHistory.API.UnitTests\Lego.EquipmentStateHistory.API.UnitTests.csproj", "{0227B459-E2E9-4C9E-BC87-3985BDA6ECF0}"
EndProject
Global
	GlobalSection(SolutionConfigurationPlatforms) = preSolution
		Debug|Any CPU = Debug|Any CPU
		Release|Any CPU = Release|Any CPU
	EndGlobalSection
	GlobalSection(ProjectConfigurationPlatforms) = postSolution
		{2A5B105A-FFF4-426C-A802-C31E4F2260D2}.Debug|Any CPU.ActiveCfg = Debug|Any CPU
		{2A5B105A-FFF4-426C-A802-C31E4F2260D2}.Debug|Any CPU.Build.0 = Debug|Any CPU
		{2A5B105A-FFF4-426C-A802-C31E4F2260D2}.Release|Any CPU.ActiveCfg = Release|Any CPU
		{2A5B105A-FFF4-426C-A802-C31E4F2260D2}.Release|Any CPU.Build.0 = Release|Any CPU
		{0227B459-E2E9-4C9E-BC87-3985BDA6ECF0}.Debug|Any CPU.ActiveCfg = Debug|Any CPU
		{0227B459-E2E9-4C9E-BC87-3985BDA6ECF0}.Debug|Any CPU.Build.0 = Debug|Any CPU
		{0227B459-E2E9-4C9E-BC87-3985BDA6ECF0}.Release|Any CPU.ActiveCfg = Release|Any CPU
		{0227B459-E2E9-4C9E-BC87-3985BDA6ECF0}.Release|Any CPU.Build.0 = Release|Any CPU
	EndGlobalSection
	GlobalSection(SolutionProperties) = preSolution
		HideSolutionNode = FALSE
	EndGlobalSection
	GlobalSection(NestedProjects) = preSolution
		{0227B459-E2E9-4C9E-BC87-3985BDA6ECF0} = {B04ADE1F-7A1A-46BF-9F37-556824513253}
	EndGlobalSection
	GlobalSection(ExtensibilityGlobals) = postSolution
		SolutionGuid = {A326112A-5371-47D8-92F5-473606B9C490}
	EndGlobalSection
EndGlobal
